{
  "version": 4,
  "terraform_version": "1.9.7",
  "serial": 13,
  "lineage": "74475fa3-e89d-68b1-51fc-bec6772de686",
  "outputs": {},
  "resources": [
    {
      "mode": "managed",
      "type": "libvirt_pool",
      "name": "vm0",
      "provider": "provider[\"local/hashicorp/libvirt\"]",
      "instances": [
        {
          "schema_version": 0,
          "attributes": {
            "allocation": 34641707008,
            "available": 463968927744,
            "capacity": 498610634752,
            "id": "d73ae102-17a4-4fc2-9c93-5663c3757b5d",
            "name": "vm0",
            "path": "/home/railsrogerdev/terraform-provider-libvirt-pool-vm0",
            "type": "dir",
            "xml": []
          },
          "sensitive_attributes": [],
          "private": "bnVsbA=="
        }
      ]
    },
    {
      "mode": "managed",
      "type": "libvirt_volume",
      "name": "vm0-qcow2",
      "provider": "provider[\"local/hashicorp/libvirt\"]",
      "instances": [
        {
          "schema_version": 0,
          "attributes": {
            "base_volume_id": null,
            "base_volume_name": null,
            "base_volume_pool": null,
            "format": "qcow2",
            "id": "/home/railsrogerdev/terraform-provider-libvirt-pool-vm0/vm0.qcow2",
            "name": "vm0.qcow2",
            "pool": "vm0",
            "size": 16106127360,
            "source": "/home/railsrogerdev/os_image/ubuntu16.04.qcow2",
            "xml": []
          },
          "sensitive_attributes": [],
          "private": "bnVsbA==",
          "dependencies": [
            "libvirt_pool.vm0"
          ]
        }
      ]
    }
  ],
  "check_results": null
}
